
Microsoft Visual Studio Solution File, Format Version 12.00
# Visual Studio 2012
Project("{FAE04EC0-301F-11D3-BF4B-00C04F79EFBC}") = "shell", "shell\shell.csproj", "{F0563802-BEEA-4321-856B-14BAA10A004B}"
EndProject
Project("{2150E333-8FDC-42A3-9474-1A3956D46DE8}") = "template", "template", "{46EA111C-F8C1-4CCC-A270-A1722EB63B8D}"
	ProjectSection(SolutionItems) = preProject
		template\build.xml = template\build.xml
		template\drop.xml = template\drop.xml
		template\release.xml = template\release.xml
		template\vcs-p4.xml = template\vcs-p4.xml
		template\vcs-robocopy.xml = template\vcs-robocopy.xml
	EndProjectSection
EndProject
Project("{FAE04EC0-301F-11D3-BF4B-00C04F79EFBC}") = "library", "library\library.csproj", "{396959FF-9117-484B-802D-AFA8019C3EDB}"
EndProject
Project("{2150E333-8FDC-42A3-9474-1A3956D46DE8}") = "Solution Items", "Solution Items", "{26914224-C455-4603-9904-FAD5FBC039DC}"
	ProjectSection(SolutionItems) = preProject
		.gitattributes = .gitattributes
		.gitignore = .gitignore
	EndProjectSection
EndProject
Global
	GlobalSection(SolutionConfigurationPlatforms) = preSolution
		Debug|Any CPU = Debug|Any CPU
		Release|Any CPU = Release|Any CPU
	EndGlobalSection
	GlobalSection(ProjectConfigurationPlatforms) = postSolution
		{F0563802-BEEA-4321-856B-14BAA10A004B}.Debug|Any CPU.ActiveCfg = Debug|Any CPU
		{F0563802-BEEA-4321-856B-14BAA10A004B}.Debug|Any CPU.Build.0 = Debug|Any CPU
		{F0563802-BEEA-4321-856B-14BAA10A004B}.Release|Any CPU.ActiveCfg = Release|Any CPU
		{F0563802-BEEA-4321-856B-14BAA10A004B}.Release|Any CPU.Build.0 = Release|Any CPU
		{396959FF-9117-484B-802D-AFA8019C3EDB}.Debug|Any CPU.ActiveCfg = Debug|Any CPU
		{396959FF-9117-484B-802D-AFA8019C3EDB}.Debug|Any CPU.Build.0 = Debug|Any CPU
		{396959FF-9117-484B-802D-AFA8019C3EDB}.Release|Any CPU.ActiveCfg = Release|Any CPU
		{396959FF-9117-484B-802D-AFA8019C3EDB}.Release|Any CPU.Build.0 = Release|Any CPU
	EndGlobalSection
	GlobalSection(SolutionProperties) = preSolution
		HideSolutionNode = FALSE
	EndGlobalSection
EndGlobal
